{
  "version": 4,
  "terraform_version": "1.15.8",
  "serial": 26,
  "lineage": "63b01537-274b-dfc7-724c-32f63b850e8c",
  "outputs": {
    "api_url": {
      "value": "https://0jxe1l2j5j.execute-api.us-east-1.amazonaws.com/prod/api/v1/email/enviar",
      "type": "string"
    }
  },
  "resources": [
    {
      "mode": "data",
      "type": "archive_file",
      "name": "lambda_zip",
      "provider": "provider[\"registry.terraform.io/hashicorp/archive\"]",
      "instances": [
        {
          "schema_version": 0,
          "attributes": {
            "exclude_symlink_directories": null,
            "excludes": null,
            "id": "08e68e171bcbe410a08cd0a7d9cb01218497ea88",
            "output_base64sha256": "fGtGUdZWz0G8Jc7U1e8RSkhsFSfGSYCGtVKptrTCALo=",
            "output_base64sha512": "Is6vrDC1Jn2PzvSx72Juogos0wpCmk5JYEV2PdjDfBPcLC3cL1baj9W0WEiV+ZasYbGEkTvX7+w5YVBQe5KC6A==",
            "output_file_mode": null,
            "output_md5": "a649f0492ebbabe88f456e53c7d46ff8",
            "output_path": "./lambda.zip",
            "output_sha": "08e68e171bcbe410a08cd0a7d9cb01218497ea88",
            "output_sha256": "7c6b4651d656cf41bc25ced4d5ef114a486c1527c6498086b552a9b6b4c200ba",
            "output_sha512": "22ceafac30b5267d8fcef4b1ef626ea20a2cd30a429a4e496045763dd8c37c13dc2c2ddc2f56da8fd5b4584895f996ac61b184913bd7efec396150507b9282e8",
            "output_size": 262,
            "source": [
              {
                "content": "// Substitua este arquivo pelo seu código Node.js real de envio do SES\nexport const handler = async (event) =\u003e { console.log(event); return 'ok'; };",
                "filename": "index.mjs"
              }
            ],
            "source_content": null,
            "source_content_filename": null,
            "source_dir": null,
            "source_file": null,
            "type": "zip"
          },
          "sensitive_attributes": [],
          "identity_schema_version": 0
        }
      ]
    },
    {
      "mode": "data",
      "type": "aws_caller_identity",
      "name": "current",
      "provider": "provider[\"registry.terraform.io/hashicorp/aws\"]",
      "instances": [
        {
          "schema_version": 0,
          "attributes": {
            "account_id": "932326148177",
            "arn": "arn:aws:iam::932326148177:root",
            "id": "932326148177",
            "user_id": "932326148177"
          },
          "sensitive_attributes": [],
          "identity_schema_version": 0
        }
      ]
    },
    {
      "mode": "data",
      "type": "aws_region",
      "name": "current",
      "provider": "provider[\"registry.terraform.io/hashicorp/aws\"]",
      "instances": [
        {
          "schema_version": 0,
          "attributes": {
            "description": "US East (N. Virginia)",
            "endpoint": "ec2.us-east-1.amazonaws.com",
            "id": "us-east-1",
            "name": "us-east-1"
          },
          "sensitive_attributes": [],
          "identity_schema_version": 0
        }
      ]
    },
    {
      "mode": "managed",
      "type": "aws_api_gateway_deployment",
      "name": "api_deployment",
      "provider": "provider[\"registry.terraform.io/hashicorp/aws\"]",
      "instances": [
        {
          "schema_version": 0,
          "attributes": {
            "canary_settings": [],
            "created_date": "2026-07-29T03:43:10Z",
            "description": "",
            "execution_arn": "arn:aws:execute-api:us-east-1:932326148177:0jxe1l2j5j/",
            "id": "pb987z",
            "invoke_url": "https://0jxe1l2j5j.execute-api.us-east-1.amazonaws.com/",
            "rest_api_id": "0jxe1l2j5j",
            "stage_description": null,
            "stage_name": null,
            "triggers": null,
            "variables": null
          },
          "sensitive_attributes": [],
          "identity_schema_version": 0,
          "private": "bnVsbA==",
          "dependencies": [
            "aws_api_gateway_integration.sqs_integration",
            "aws_api_gateway_integration_response.sqs_200",
            "aws_api_gateway_method.post_enviar",
            "aws_api_gateway_method_response.resp_200",
            "aws_api_gateway_model.email_model",
            "aws_api_gateway_request_validator.body_validator",
            "aws_api_gateway_resource.api",
            "aws_api_gateway_resource.email",
            "aws_api_gateway_resource.enviar",
            "aws_api_gateway_resource.v1",
            "aws_api_gateway_rest_api.email_api",
            "aws_iam_role.apigw_sqs_role",
            "aws_sqs_queue.email_queue",
            "data.aws_caller_identity.current",
            "data.aws_region.current"
          ],
          "create_before_destroy": true
        }
      ]
    },
    {
      "mode": "managed",
      "type": "aws_api_gateway_integration",
      "name": "sqs_integration",
      "provider": "provider[\"registry.terraform.io/hashicorp/aws\"]",
      "instances": [
        {
          "schema_version": 0,
          "attributes": {
            "cache_key_parameters": [],
            "cache_namespace": "6poq5i",
            "connection_id": "",
            "connection_type": "INTERNET",
            "content_handling": "",
            "credentials": "arn:aws:iam::932326148177:role/apigateway_sqs_integration_role",
            "http_method": "POST",
            "id": "agi-0jxe1l2j5j-6poq5i-POST",
            "integration_http_method": "POST",
            "passthrough_behavior": "WHEN_NO_MATCH",
            "request_parameters": {
              "integration.request.header.Content-Type": "'application/x-www-form-urlencoded'"
            },
            "request_templates": {
              "application/json": "Action=SendMessage\u0026MessageBody=$util.urlEncode($input.body)"
            },
            "resource_id": "6poq5i",
            "rest_api_id": "0jxe1l2j5j",
            "timeout_milliseconds": 29000,
            "tls_config": [],
            "type": "AWS",
            "uri": "arn:aws:apigateway:us-east-1:sqs:path/932326148177/email-queue"
          },
          "sensitive_attributes": [],
          "identity_schema_version": 0,
          "private": "bnVsbA==",
          "dependencies": [
            "aws_api_gateway_method.post_enviar",
            "aws_api_gateway_model.email_model",
            "aws_api_gateway_request_validator.body_validator",
            "aws_api_gateway_resource.api",
            "aws_api_gateway_resource.email",
            "aws_api_gateway_resource.enviar",
            "aws_api_gateway_resource.v1",
            "aws_api_gateway_rest_api.email_api",
            "aws_iam_role.apigw_sqs_role",
            "aws_sqs_queue.email_queue",
            "data.aws_caller_identity.current",
            "data.aws_region.current"
          ],
          "create_before_destroy": true
        }
      ]
    },
    {
      "mode": "managed",
      "type": "aws_api_gateway_integration_response",
      "name": "sqs_200",
      "provider": "provider[\"registry.terraform.io/hashicorp/aws\"]",
      "instances": [
        {
          "schema_version": 0,
          "attributes": {
            "content_handling": "",
            "http_method": "POST",
            "id": "agir-0jxe1l2j5j-6poq5i-POST-200",
            "resource_id": "6poq5i",
            "response_parameters": null,
            "response_templates": {
              "application/json": "{\"mensagem\": \"E-mail recebido e enfileirado para envio.\"}"
            },
            "rest_api_id": "0jxe1l2j5j",
            "selection_pattern": "",
            "status_code": "200"
          },
          "sensitive_attributes": [],
          "identity_schema_version": 0,
          "private": "bnVsbA==",
          "dependencies": [
            "aws_api_gateway_integration.sqs_integration",
            "aws_api_gateway_method.post_enviar",
            "aws_api_gateway_method_response.resp_200",
            "aws_api_gateway_model.email_model",
            "aws_api_gateway_request_validator.body_validator",
            "aws_api_gateway_resource.api",
            "aws_api_gateway_resource.email",
            "aws_api_gateway_resource.enviar",
            "aws_api_gateway_resource.v1",
            "aws_api_gateway_rest_api.email_api",
            "aws_iam_role.apigw_sqs_role",
            "aws_sqs_queue.email_queue",
            "data.aws_caller_identity.current",
            "data.aws_region.current"
          ],
          "create_before_destroy": true
        }
      ]
    },
    {
      "mode": "managed",
      "type": "aws_api_gateway_method",
      "name": "post_enviar",
      "provider": "provider[\"registry.terraform.io/hashicorp/aws\"]",
      "instances": [
        {
          "schema_version": 0,
          "attributes": {
            "api_key_required": false,
            "authorization": "NONE",
            "authorization_scopes": [],
            "authorizer_id": "",
            "http_method": "POST",
            "id": "agm-0jxe1l2j5j-6poq5i-POST",
            "operation_name": "",
            "request_models": {
              "application/json": "EmailBodyModel"
            },
            "request_parameters": {},
            "request_validator_id": "aw8oe5",
            "resource_id": "6poq5i",
            "rest_api_id": "0jxe1l2j5j"
          },
          "sensitive_attributes": [],
          "identity_schema_version": 0,
          "private": "bnVsbA==",
          "dependencies": [
            "aws_api_gateway_model.email_model",
            "aws_api_gateway_request_validator.body_validator",
            "aws_api_gateway_resource.api",
            "aws_api_gateway_resource.email",
            "aws_api_gateway_resource.enviar",
            "aws_api_gateway_resource.v1",
            "aws_api_gateway_rest_api.email_api"
          ],
          "create_before_destroy": true
        }
      ]
    },
    {
      "mode": "managed",
      "type": "aws_api_gateway_method_response",
      "name": "resp_200",
      "provider": "provider[\"registry.terraform.io/hashicorp/aws\"]",
      "instances": [
        {
          "schema_version": 0,
          "attributes": {
            "http_method": "POST",
            "id": "agmr-0jxe1l2j5j-6poq5i-POST-200",
            "resource_id": "6poq5i",
            "response_models": {},
            "response_parameters": {},
            "rest_api_id": "0jxe1l2j5j",
            "status_code": "200"
          },
          "sensitive_attributes": [],
          "identity_schema_version": 0,
          "private": "bnVsbA==",
          "dependencies": [
            "aws_api_gateway_method.post_enviar",
            "aws_api_gateway_model.email_model",
            "aws_api_gateway_request_validator.body_validator",
            "aws_api_gateway_resource.api",
            "aws_api_gateway_resource.email",
            "aws_api_gateway_resource.enviar",
            "aws_api_gateway_resource.v1",
            "aws_api_gateway_rest_api.email_api"
          ],
          "create_before_destroy": true
        }
      ]
    },
    {
      "mode": "managed",
      "type": "aws_api_gateway_model",
      "name": "email_model",
      "provider": "provider[\"registry.terraform.io/hashicorp/aws\"]",
      "instances": [
        {
          "schema_version": 0,
          "attributes": {
            "content_type": "application/json",
            "description": "",
            "id": "nojrpb",
            "name": "EmailBodyModel",
            "rest_api_id": "0jxe1l2j5j",
            "schema": "{\"properties\":{\"assunto\":{\"type\":\"string\"},\"destinatario\":{\"properties\":{\"email\":{\"type\":\"string\"},\"nome\":{\"type\":\"string\"}},\"required\":[\"email\",\"nome\"],\"type\":\"object\"},\"mensagem\":{\"type\":\"string\"},\"remetente\":{\"properties\":{\"email\":{\"type\":\"string\"},\"nome\":{\"type\":\"string\"}},\"required\":[\"email\",\"nome\"],\"type\":\"object\"}},\"required\":[\"remetente\",\"destinatario\",\"assunto\",\"mensagem\"],\"type\":\"object\"}"
          },
          "sensitive_attributes": [],
          "identity_schema_version": 0,
          "private": "bnVsbA==",
          "dependencies": [
            "aws_api_gateway_rest_api.email_api"
          ],
          "create_before_destroy": true
        }
      ]
    },
    {
      "mode": "managed",
      "type": "aws_api_gateway_request_validator",
      "name": "body_validator",
      "provider": "provider[\"registry.terraform.io/hashicorp/aws\"]",
      "instances": [
        {
          "schema_version": 0,
          "attributes": {
            "id": "aw8oe5",
            "name": "validate-body-only",
            "rest_api_id": "0jxe1l2j5j",
            "validate_request_body": true,
            "validate_request_parameters": false
          },
          "sensitive_attributes": [],
          "identity_schema_version": 0,
          "private": "bnVsbA==",
          "dependencies": [
            "aws_api_gateway_rest_api.email_api"
          ],
          "create_before_destroy": true
        }
      ]
    },
    {
      "mode": "managed",
      "type": "aws_api_gateway_resource",
      "name": "api",
      "provider": "provider[\"registry.terraform.io/hashicorp/aws\"]",
      "instances": [
        {
          "schema_version": 0,
          "attributes": {
            "id": "n09ok4",
            "parent_id": "m2ycbaz2ch",
            "path": "/api",
            "path_part": "api",
            "rest_api_id": "0jxe1l2j5j"
          },
          "sensitive_attributes": [],
          "identity_schema_version": 0,
          "private": "bnVsbA==",
          "dependencies": [
            "aws_api_gateway_rest_api.email_api"
          ],
          "create_before_destroy": true
        }
      ]
    },
    {
      "mode": "managed",
      "type": "aws_api_gateway_resource",
      "name": "email",
      "provider": "provider[\"registry.terraform.io/hashicorp/aws\"]",
      "instances": [
        {
          "schema_version": 0,
          "attributes": {
            "id": "oqft37",
            "parent_id": "6c4xu0",
            "path": "/api/v1/email",
            "path_part": "email",
            "rest_api_id": "0jxe1l2j5j"
          },
          "sensitive_attributes": [],
          "identity_schema_version": 0,
          "private": "bnVsbA==",
          "dependencies": [
            "aws_api_gateway_resource.api",
            "aws_api_gateway_resource.v1",
            "aws_api_gateway_rest_api.email_api"
          ],
          "create_before_destroy": true
        }
      ]
    },
    {
      "mode": "managed",
      "type": "aws_api_gateway_resource",
      "name": "enviar",
      "provider": "provider[\"registry.terraform.io/hashicorp/aws\"]",
      "instances": [
        {
          "schema_version": 0,
          "attributes": {
            "id": "6poq5i",
            "parent_id": "oqft37",
            "path": "/api/v1/email/enviar",
            "path_part": "enviar",
            "rest_api_id": "0jxe1l2j5j"
          },
          "sensitive_attributes": [],
          "identity_schema_version": 0,
          "private": "bnVsbA==",
          "dependencies": [
            "aws_api_gateway_resource.api",
            "aws_api_gateway_resource.email",
            "aws_api_gateway_resource.v1",
            "aws_api_gateway_rest_api.email_api"
          ],
          "create_before_destroy": true
        }
      ]
    },
    {
      "mode": "managed",
      "type": "aws_api_gateway_resource",
      "name": "v1",
      "provider": "provider[\"registry.terraform.io/hashicorp/aws\"]",
      "instances": [
        {
          "schema_version": 0,
          "attributes": {
            "id": "6c4xu0",
            "parent_id": "n09ok4",
            "path": "/api/v1",
            "path_part": "v1",
            "rest_api_id": "0jxe1l2j5j"
          },
          "sensitive_attributes": [],
          "identity_schema_version": 0,
          "private": "bnVsbA==",
          "dependencies": [
            "aws_api_gateway_resource.api",
            "aws_api_gateway_rest_api.email_api"
          ],
          "create_before_destroy": true
        }
      ]
    },
    {
      "mode": "managed",
      "type": "aws_api_gateway_rest_api",
      "name": "email_api",
      "provider": "provider[\"registry.terraform.io/hashicorp/aws\"]",
      "instances": [
        {
          "schema_version": 0,
          "attributes": {
            "api_key_source": "HEADER",
            "arn": "arn:aws:apigateway:us-east-1::/restapis/0jxe1l2j5j",
            "binary_media_types": [],
            "body": null,
            "created_date": "2026-07-29T03:39:46Z",
            "description": "",
            "disable_execute_api_endpoint": false,
            "endpoint_configuration": [
              {
                "ip_address_type": "ipv4",
                "types": [
                  "EDGE"
                ],
                "vpc_endpoint_ids": []
              }
            ],
            "execution_arn": "arn:aws:execute-api:us-east-1:932326148177:0jxe1l2j5j",
            "fail_on_warnings": null,
            "id": "0jxe1l2j5j",
            "minimum_compression_size": "",
            "name": "EmailServiceAPI",
            "parameters": null,
            "policy": "",
            "put_rest_api_mode": null,
            "root_resource_id": "m2ycbaz2ch",
            "tags": {},
            "tags_all": {}
          },
          "sensitive_attributes": [],
          "identity_schema_version": 0,
          "private": "bnVsbA==",
          "create_before_destroy": true
        }
      ]
    },
    {
      "mode": "managed",
      "type": "aws_api_gateway_stage",
      "name": "prod",
      "provider": "provider[\"registry.terraform.io/hashicorp/aws\"]",
      "instances": [
        {
          "schema_version": 0,
          "attributes": {
            "access_log_settings": [],
            "arn": "arn:aws:apigateway:us-east-1::/restapis/0jxe1l2j5j/stages/prod",
            "cache_cluster_enabled": false,
            "cache_cluster_size": "",
            "canary_settings": [],
            "client_certificate_id": "",
            "deployment_id": "pb987z",
            "description": "",
            "documentation_version": "",
            "execution_arn": "arn:aws:execute-api:us-east-1:932326148177:0jxe1l2j5j/prod",
            "id": "ags-0jxe1l2j5j-prod",
            "invoke_url": "https://0jxe1l2j5j.execute-api.us-east-1.amazonaws.com/prod",
            "rest_api_id": "0jxe1l2j5j",
            "stage_name": "prod",
            "tags": null,
            "tags_all": {},
            "variables": null,
            "web_acl_arn": "",
            "xray_tracing_enabled": false
          },
          "sensitive_attributes": [],
          "identity_schema_version": 0,
          "private": "bnVsbA==",
          "dependencies": [
            "aws_api_gateway_deployment.api_deployment",
            "aws_api_gateway_integration.sqs_integration",
            "aws_api_gateway_integration_response.sqs_200",
            "aws_api_gateway_method.post_enviar",
            "aws_api_gateway_method_response.resp_200",
            "aws_api_gateway_model.email_model",
            "aws_api_gateway_request_validator.body_validator",
            "aws_api_gateway_resource.api",
            "aws_api_gateway_resource.email",
            "aws_api_gateway_resource.enviar",
            "aws_api_gateway_resource.v1",
            "aws_api_gateway_rest_api.email_api",
            "aws_iam_role.apigw_sqs_role",
            "aws_sqs_queue.email_queue",
            "data.aws_caller_identity.current",
            "data.aws_region.current"
          ]
        }
      ]
    },
    {
      "mode": "managed",
      "type": "aws_api_gateway_usage_plan",
      "name": "api_usage_plan",
      "provider": "provider[\"registry.terraform.io/hashicorp/aws\"]",
      "instances": [
        {
          "schema_version": 0,
          "attributes": {
            "api_stages": [
              {
                "api_id": "0jxe1l2j5j",
                "stage": "prod",
                "throttle": []
              }
            ],
            "arn": "arn:aws:apigateway:us-east-1::/usageplans/u29kki",
            "description": "",
            "id": "u29kki",
            "name": "EmailApiUsagePlan",
            "product_code": "",
            "quota_settings": [],
            "tags": null,
            "tags_all": {},
            "throttle_settings": [
              {
                "burst_limit": 20,
                "rate_limit": 10
              }
            ]
          },
          "sensitive_attributes": [],
          "identity_schema_version": 0,
          "private": "bnVsbA==",
          "dependencies": [
            "aws_api_gateway_deployment.api_deployment",
            "aws_api_gateway_integration.sqs_integration",
            "aws_api_gateway_integration_response.sqs_200",
            "aws_api_gateway_method.post_enviar",
            "aws_api_gateway_method_response.resp_200",
            "aws_api_gateway_model.email_model",
            "aws_api_gateway_request_validator.body_validator",
            "aws_api_gateway_resource.api",
            "aws_api_gateway_resource.email",
            "aws_api_gateway_resource.enviar",
            "aws_api_gateway_resource.v1",
            "aws_api_gateway_rest_api.email_api",
            "aws_api_gateway_stage.prod",
            "aws_iam_role.apigw_sqs_role",
            "aws_sqs_queue.email_queue",
            "data.aws_caller_identity.current",
            "data.aws_region.current"
          ]
        }
      ]
    },
    {
      "mode": "managed",
      "type": "aws_iam_policy",
      "name": "lambda_ses_policy",
      "provider": "provider[\"registry.terraform.io/hashicorp/aws\"]",
      "instances": [
        {
          "schema_version": 0,
          "attributes": {
            "arn": "arn:aws:iam::932326148177:policy/lambda_ses_send_policy",
            "attachment_count": 1,
            "description": "",
            "id": "arn:aws:iam::932326148177:policy/lambda_ses_send_policy",
            "name": "lambda_ses_send_policy",
            "name_prefix": "",
            "path": "/",
            "policy": "{\"Statement\":[{\"Action\":[\"ses:SendEmail\",\"ses:SendRawEmail\"],\"Effect\":\"Allow\",\"Resource\":\"*\"}],\"Version\":\"2012-10-17\"}",
            "policy_id": "ANPA5SEXYBBITB4SMUGHC",
            "tags": {},
            "tags_all": {}
          },
          "sensitive_attributes": [],
          "identity_schema_version": 0,
          "private": "bnVsbA=="
        }
      ]
    },
    {
      "mode": "managed",
      "type": "aws_iam_role",
      "name": "apigw_sqs_role",
      "provider": "provider[\"registry.terraform.io/hashicorp/aws\"]",
      "instances": [
        {
          "schema_version": 0,
          "attributes": {
            "arn": "arn:aws:iam::932326148177:role/apigateway_sqs_integration_role",
            "assume_role_policy": "{\"Statement\":[{\"Action\":\"sts:AssumeRole\",\"Effect\":\"Allow\",\"Principal\":{\"Service\":\"apigateway.amazonaws.com\"}}],\"Version\":\"2012-10-17\"}",
            "create_date": "2026-07-29T03:39:45Z",
            "description": "",
            "force_detach_policies": false,
            "id": "apigateway_sqs_integration_role",
            "inline_policy": [
              {
                "name": "apigateway_sqs_policy",
                "policy": "{\"Version\":\"2012-10-17\",\"Statement\":[{\"Action\":\"sqs:SendMessage\",\"Effect\":\"Allow\",\"Resource\":\"arn:aws:sqs:us-east-1:932326148177:email-queue\"}]}"
              }
            ],
            "managed_policy_arns": [],
            "max_session_duration": 3600,
            "name": "apigateway_sqs_integration_role",
            "name_prefix": "",
            "path": "/",
            "permissions_boundary": "",
            "tags": {},
            "tags_all": {},
            "unique_id": "AROA5SEXYBBIRZHN2Y6VT"
          },
          "sensitive_attributes": [],
          "identity_schema_version": 0,
          "private": "bnVsbA==",
          "create_before_destroy": true
        }
      ]
    },
    {
      "mode": "managed",
      "type": "aws_iam_role",
      "name": "lambda_role",
      "provider": "provider[\"registry.terraform.io/hashicorp/aws\"]",
      "instances": [
        {
          "schema_version": 0,
          "attributes": {
            "arn": "arn:aws:iam::932326148177:role/email_lambda_execution_role",
            "assume_role_policy": "{\"Statement\":[{\"Action\":\"sts:AssumeRole\",\"Effect\":\"Allow\",\"Principal\":{\"Service\":\"lambda.amazonaws.com\"}}],\"Version\":\"2012-10-17\"}",
            "create_date": "2026-07-29T03:39:45Z",
            "description": "",
            "force_detach_policies": false,
            "id": "email_lambda_execution_role",
            "inline_policy": [],
            "managed_policy_arns": [
              "arn:aws:iam::932326148177:policy/lambda_ses_send_policy",
              "arn:aws:iam::aws:policy/service-role/AWSLambdaSQSQueueExecutionRole"
            ],
            "max_session_duration": 3600,
            "name": "email_lambda_execution_role",
            "name_prefix": "",
            "path": "/",
            "permissions_boundary": "",
            "tags": {},
            "tags_all": {},
            "unique_id": "AROA5SEXYBBIQUSSBGR3V"
          },
          "sensitive_attributes": [],
          "identity_schema_version": 0,
          "private": "bnVsbA=="
        }
      ]
    },
    {
      "mode": "managed",
      "type": "aws_iam_role_policy",
      "name": "apigw_sqs_policy",
      "provider": "provider[\"registry.terraform.io/hashicorp/aws\"]",
      "instances": [
        {
          "schema_version": 0,
          "attributes": {
            "id": "apigateway_sqs_integration_role:apigateway_sqs_policy",
            "name": "apigateway_sqs_policy",
            "name_prefix": "",
            "policy": "{\"Version\":\"2012-10-17\",\"Statement\":[{\"Action\":\"sqs:SendMessage\",\"Effect\":\"Allow\",\"Resource\":\"arn:aws:sqs:us-east-1:932326148177:email-queue\"}]}",
            "role": "apigateway_sqs_integration_role"
          },
          "sensitive_attributes": [],
          "identity_schema_version": 0,
          "private": "bnVsbA==",
          "dependencies": [
            "aws_iam_role.apigw_sqs_role",
            "aws_sqs_queue.email_queue"
          ]
        }
      ]
    },
    {
      "mode": "managed",
      "type": "aws_iam_role_policy_attachment",
      "name": "lambda_ses_attach",
      "provider": "provider[\"registry.terraform.io/hashicorp/aws\"]",
      "instances": [
        {
          "schema_version": 0,
          "attributes": {
            "id": "email_lambda_execution_role-20260729033946590300000001",
            "policy_arn": "arn:aws:iam::932326148177:policy/lambda_ses_send_policy",
            "role": "email_lambda_execution_role"
          },
          "sensitive_attributes": [],
          "identity_schema_version": 0,
          "private": "bnVsbA==",
          "dependencies": [
            "aws_iam_policy.lambda_ses_policy",
            "aws_iam_role.lambda_role"
          ]
        }
      ]
    },
    {
      "mode": "managed",
      "type": "aws_iam_role_policy_attachment",
      "name": "lambda_sqs_exec",
      "provider": "provider[\"registry.terraform.io/hashicorp/aws\"]",
      "instances": [
        {
          "schema_version": 0,
          "attributes": {
            "id": "email_lambda_execution_role-20260729033946614200000002",
            "policy_arn": "arn:aws:iam::aws:policy/service-role/AWSLambdaSQSQueueExecutionRole",
            "role": "email_lambda_execution_role"
          },
          "sensitive_attributes": [],
          "identity_schema_version": 0,
          "private": "bnVsbA==",
          "dependencies": [
            "aws_iam_role.lambda_role"
          ]
        }
      ]
    },
    {
      "mode": "managed",
      "type": "aws_lambda_event_source_mapping",
      "name": "sqs_trigger",
      "provider": "provider[\"registry.terraform.io/hashicorp/aws\"]",
      "instances": [
        {
          "schema_version": 0,
          "attributes": {
            "amazon_managed_kafka_event_source_config": [],
            "arn": "arn:aws:lambda:us-east-1:932326148177:event-source-mapping:f73102df-f8ef-422f-876f-152936b7c34e",
            "batch_size": 10,
            "bisect_batch_on_function_error": false,
            "destination_config": [],
            "document_db_event_source_config": [],
            "enabled": true,
            "event_source_arn": "arn:aws:sqs:us-east-1:932326148177:email-queue",
            "filter_criteria": [],
            "function_arn": "arn:aws:lambda:us-east-1:932326148177:function:email_sender_worker",
            "function_name": "arn:aws:lambda:us-east-1:932326148177:function:email_sender_worker",
            "function_response_types": [],
            "id": "f73102df-f8ef-422f-876f-152936b7c34e",
            "kms_key_arn": "",
            "last_modified": "2026-07-29T03:40:12Z",
            "last_processing_result": "",
            "maximum_batching_window_in_seconds": 0,
            "maximum_record_age_in_seconds": 0,
            "maximum_retry_attempts": 0,
            "metrics_config": [],
            "parallelization_factor": 0,
            "provisioned_poller_config": [],
            "queues": [],
            "scaling_config": [],
            "self_managed_event_source": [],
            "self_managed_kafka_event_source_config": [],
            "source_access_configuration": [],
            "starting_position": "",
            "starting_position_timestamp": "",
            "state": "Enabled",
            "state_transition_reason": "USER_INITIATED",
            "tags": {},
            "tags_all": {},
            "topics": [],
            "tumbling_window_in_seconds": 0,
            "uuid": "f73102df-f8ef-422f-876f-152936b7c34e"
          },
          "sensitive_attributes": [],
          "identity_schema_version": 0,
          "private": "bnVsbA==",
          "dependencies": [
            "aws_iam_role.lambda_role",
            "aws_lambda_function.email_sender",
            "aws_sqs_queue.email_queue",
            "data.archive_file.lambda_zip"
          ]
        }
      ]
    },
    {
      "mode": "managed",
      "type": "aws_lambda_function",
      "name": "email_sender",
      "provider": "provider[\"registry.terraform.io/hashicorp/aws\"]",
      "instances": [
        {
          "schema_version": 0,
          "attributes": {
            "architectures": [
              "x86_64"
            ],
            "arn": "arn:aws:lambda:us-east-1:932326148177:function:email_sender_worker",
            "code_sha256": "fGtGUdZWz0G8Jc7U1e8RSkhsFSfGSYCGtVKptrTCALo=",
            "code_signing_config_arn": "",
            "dead_letter_config": [],
            "description": "",
            "environment": [],
            "ephemeral_storage": [
              {
                "size": 512
              }
            ],
            "file_system_config": [],
            "filename": "./lambda.zip",
            "function_name": "email_sender_worker",
            "handler": "index.handler",
            "id": "email_sender_worker",
            "image_config": [],
            "image_uri": "",
            "invoke_arn": "arn:aws:apigateway:us-east-1:lambda:path/2015-03-31/functions/arn:aws:lambda:us-east-1:932326148177:function:email_sender_worker/invocations",
            "kms_key_arn": "",
            "last_modified": "2026-07-29T03:39:55.880+0000",
            "layers": [],
            "logging_config": [
              {
                "application_log_level": "",
                "log_format": "Text",
                "log_group": "/aws/lambda/email_sender_worker",
                "system_log_level": ""
              }
            ],
            "memory_size": 128,
            "package_type": "Zip",
            "publish": false,
            "qualified_arn": "arn:aws:lambda:us-east-1:932326148177:function:email_sender_worker:$LATEST",
            "qualified_invoke_arn": "arn:aws:apigateway:us-east-1:lambda:path/2015-03-31/functions/arn:aws:lambda:us-east-1:932326148177:function:email_sender_worker:$LATEST/invocations",
            "replace_security_groups_on_destroy": null,
            "replacement_security_group_ids": null,
            "reserved_concurrent_executions": -1,
            "role": "arn:aws:iam::932326148177:role/email_lambda_execution_role",
            "runtime": "nodejs20.x",
            "s3_bucket": null,
            "s3_key": null,
            "s3_object_version": null,
            "signing_job_arn": "",
            "signing_profile_version_arn": "",
            "skip_destroy": false,
            "snap_start": [],
            "source_code_hash": "fGtGUdZWz0G8Jc7U1e8RSkhsFSfGSYCGtVKptrTCALo=",
            "source_code_size": 262,
            "tags": {},
            "tags_all": {},
            "timeout": 3,
            "timeouts": null,
            "tracing_config": [
              {
                "mode": "PassThrough"
              }
            ],
            "version": "$LATEST",
            "vpc_config": []
          },
          "sensitive_attributes": [],
          "identity_schema_version": 0,
          "private": "eyJlMmJmYjczMC1lY2FhLTExZTYtOGY4OC0zNDM2M2JjN2M0YzAiOnsiY3JlYXRlIjo2MDAwMDAwMDAwMDAsImRlbGV0ZSI6NjAwMDAwMDAwMDAwLCJ1cGRhdGUiOjYwMDAwMDAwMDAwMH19",
          "dependencies": [
            "aws_iam_role.lambda_role",
            "data.archive_file.lambda_zip"
          ]
        }
      ]
    },
    {
      "mode": "managed",
      "type": "aws_sqs_queue",
      "name": "email_queue",
      "provider": "provider[\"registry.terraform.io/hashicorp/aws\"]",
      "instances": [
        {
          "schema_version": 0,
          "attributes": {
            "arn": "arn:aws:sqs:us-east-1:932326148177:email-queue",
            "content_based_deduplication": false,
            "deduplication_scope": "",
            "delay_seconds": 0,
            "fifo_queue": false,
            "fifo_throughput_limit": "",
            "id": "https://sqs.us-east-1.amazonaws.com/932326148177/email-queue",
            "kms_data_key_reuse_period_seconds": 300,
            "kms_master_key_id": "",
            "max_message_size": 262144,
            "message_retention_seconds": 345600,
            "name": "email-queue",
            "name_prefix": "",
            "policy": "",
            "receive_wait_time_seconds": 0,
            "redrive_allow_policy": "",
            "redrive_policy": "",
            "sqs_managed_sse_enabled": true,
            "tags": {},
            "tags_all": {},
            "timeouts": null,
            "url": "https://sqs.us-east-1.amazonaws.com/932326148177/email-queue",
            "visibility_timeout_seconds": 30
          },
          "sensitive_attributes": [],
          "identity_schema_version": 0,
          "private": "eyJlMmJmYjczMC1lY2FhLTExZTYtOGY4OC0zNDM2M2JjN2M0YzAiOnsiY3JlYXRlIjoxODAwMDAwMDAwMDAsImRlbGV0ZSI6MTgwMDAwMDAwMDAwLCJ1cGRhdGUiOjE4MDAwMDAwMDAwMH19",
          "create_before_destroy": true
        }
      ]
    }
  ],
  "check_results": null
}
