{
  "name": "api-envio-email",
  "version": "1.0.0",
  "lockfileVersion": 3,
  "requires": true,
  "packages": {
    "": {
      "name": "api-envio-email",
      "version": "1.0.0",
      "dependencies": {
        "@aws-sdk/client-ses": "^3.0.0",
        "sanitize-html": "^2.17.5"
      }
    },
    "node_modules/@aws-sdk/client-ses": {
      "version": "3.1097.0",
      "resolved": "https://registry.npmjs.org/@aws-sdk/client-ses/-/client-ses-3.1097.0.tgz",
      "integrity": "sha512-0wQgLqXr0BAGJiy1885GoStTBahn7CAG79KnrIPBJg0EwHGZzc/JDvVgoA0Nxgntg0havo8OKaTauwuicVZZWg==",
      "license": "Apache-2.0",
      "dependencies": {
        "@aws-sdk/core": "^3.977.2",
        "@aws-sdk/credential-provider-node": "^3.972.74",
        "@aws-sdk/types": "^3.974.2",
        "@smithy/core": "^3.29.8",
        "@smithy/fetch-http-handler": "^5.6.10",
        "@smithy/node-http-handler": "^4.9.10",
        "@smithy/types": "^4.16.1",
        "tslib": "^2.6.2"
      },
      "engines": {
        "node": ">=20.0.0"
      }
    },
    "node_modules/@aws-sdk/core": {
      "version": "3.977.2",
      "resolved": "https://registry.npmjs.org/@aws-sdk/core/-/core-3.977.2.tgz",
      "integrity": "sha512-8sT/M5vDcagx5/iM0Bfx7f6i3mfVOQkA34+GTMwp0lIWZb6ma+bjkzDS/r9yqU2yTPBqqMBFPT3+d9kUuuNDJA==",
      "license": "Apache-2.0",
      "dependencies": {
        "@aws-sdk/types": "^3.974.2",
        "@aws-sdk/xml-builder": "^3.972.37",
        "@aws/lambda-invoke-store": "^0.3.0",
        "@smithy/core": "^3.29.8",
        "@smithy/signature-v4": "^5.6.9",
        "@smithy/types": "^4.16.1",
        "bowser": "^2.11.0",
        "tslib": "^2.6.2"
      },
      "engines": {
        "node": ">=20.0.0"
      }
    },
    "node_modules/@aws-sdk/credential-provider-env": {
      "version": "3.972.63",
      "resolved": "https://registry.npmjs.org/@aws-sdk/credential-provider-env/-/credential-provider-env-3.972.63.tgz",
      "integrity": "sha512-VSS9dftt7r7GiZ4gs8z0PNaMLVAaSj/MXVr6WQBtsrQQB9miJo7I6lQuJND1/ugFwK9x7OHCYZDkLSYh0FIZtA==",
      "license": "Apache-2.0",
      "dependencies": {
        "@aws-sdk/core": "^3.977.2",
        "@aws-sdk/types": "^3.974.2",
        "@smithy/core": "^3.29.8",
        "@smithy/types": "^4.16.1",
        "tslib": "^2.6.2"
      },
      "engines": {
        "node": ">=20.0.0"
      }
    },
    "node_modules/@aws-sdk/credential-provider-http": {
      "version": "3.972.65",
      "resolved": "https://registry.npmjs.org/@aws-sdk/credential-provider-http/-/credential-provider-http-3.972.65.tgz",
      "integrity": "sha512-SH/ec7p1J0CfC28+ypH38IwGENd7tQEvTpmuRSlinthiGxKlwzJbXGXxIMAhn0/lpxnIxudNmCsw3Cy0PDRoAg==",
      "license": "Apache-2.0",
      "dependencies": {
        "@aws-sdk/core": "^3.977.2",
        "@aws-sdk/types": "^3.974.2",
        "@smithy/core": "^3.29.8",
        "@smithy/fetch-http-handler": "^5.6.10",
        "@smithy/node-http-handler": "^4.9.10",
        "@smithy/types": "^4.16.1",
        "tslib": "^2.6.2"
      },
      "engines": {
        "node": ">=20.0.0"
      }
    },
    "node_modules/@aws-sdk/credential-provider-ini": {
      "version": "3.973.8",
      "resolved": "https://registry.npmjs.org/@aws-sdk/credential-provider-ini/-/credential-provider-ini-3.973.8.tgz",
      "integrity": "sha512-alkQpDUHsjHGVXvlV0XFXpPfh9+aTMmN6UYRky0Qky8SbvdxoQdDHftT4uugq8XShP6WtDQW7bo5YQ0SfNSxRQ==",
      "license": "Apache-2.0",
      "dependencies": {
        "@aws-sdk/core": "^3.977.2",
        "@aws-sdk/credential-provider-env": "^3.972.63",
        "@aws-sdk/credential-provider-http": "^3.972.65",
        "@aws-sdk/credential-provider-login": "^3.972.70",
        "@aws-sdk/credential-provider-process": "^3.972.63",
        "@aws-sdk/credential-provider-sso": "^3.973.7",
        "@aws-sdk/credential-provider-web-identity": "^3.972.69",
        "@aws-sdk/nested-clients": "^3.997.37",
        "@aws-sdk/types": "^3.974.2",
        "@smithy/core": "^3.29.8",
        "@smithy/credential-provider-imds": "^4.4.13",
        "@smithy/types": "^4.16.1",
        "tslib": "^2.6.2"
      },
      "engines": {
        "node": ">=20.0.0"
      }
    },
    "node_modules/@aws-sdk/credential-provider-login": {
      "version": "3.972.70",
      "resolved": "https://registry.npmjs.org/@aws-sdk/credential-provider-login/-/credential-provider-login-3.972.70.tgz",
      "integrity": "sha512-JlUjK6bYJAxN9PkWWCI/TiOYEdvXNKq61x2DTaEKxRMxAOYNk2LX8m4wVtDFxTZwyXx7Tpmxb49dNprkW/uqXQ==",
      "license": "Apache-2.0",
      "dependencies": {
        "@aws-sdk/core": "^3.977.2",
        "@aws-sdk/nested-clients": "^3.997.37",
        "@aws-sdk/types": "^3.974.2",
        "@smithy/core": "^3.29.8",
        "@smithy/types": "^4.16.1",
        "tslib": "^2.6.2"
      },
      "engines": {
        "node": ">=20.0.0"
      }
    },
    "node_modules/@aws-sdk/credential-provider-node": {
      "version": "3.972.74",
      "resolved": "https://registry.npmjs.org/@aws-sdk/credential-provider-node/-/credential-provider-node-3.972.74.tgz",
      "integrity": "sha512-V+7pzT0OzROL2uKcQ2+MpnfwKONvozYojmdn8RguAMX9o48gtSVvt+7aCkwWCH2thDXOnUPCN6qn4kiFDelZWA==",
      "license": "Apache-2.0",
      "dependencies": {
        "@aws-sdk/credential-provider-env": "^3.972.63",
        "@aws-sdk/credential-provider-http": "^3.972.65",
        "@aws-sdk/credential-provider-ini": "^3.973.8",
        "@aws-sdk/credential-provider-process": "^3.972.63",
        "@aws-sdk/credential-provider-sso": "^3.973.7",
        "@aws-sdk/credential-provider-web-identity": "^3.972.69",
        "@aws-sdk/types": "^3.974.2",
        "@smithy/core": "^3.29.8",
        "@smithy/credential-provider-imds": "^4.4.13",
        "@smithy/types": "^4.16.1",
        "tslib": "^2.6.2"
      },
      "engines": {
        "node": ">=20.0.0"
      }
    },
    "node_modules/@aws-sdk/credential-provider-process": {
      "version": "3.972.63",
      "resolved": "https://registry.npmjs.org/@aws-sdk/credential-provider-process/-/credential-provider-process-3.972.63.tgz",
      "integrity": "sha512-lPt2oGMcvP3uPhhxX5EquHrzBI/ZgJce+CHKcOGZl2ZQAXLLSxu7k/Cgo0HIktyi9dmDFljbOkj4XAnXD93YVQ==",
      "license": "Apache-2.0",
      "dependencies": {
        "@aws-sdk/core": "^3.977.2",
        "@aws-sdk/types": "^3.974.2",
        "@smithy/core": "^3.29.8",
        "@smithy/types": "^4.16.1",
        "tslib": "^2.6.2"
      },
      "engines": {
        "node": ">=20.0.0"
      }
    },
    "node_modules/@aws-sdk/credential-provider-sso": {
      "version": "3.973.7",
      "resolved": "https://registry.npmjs.org/@aws-sdk/credential-provider-sso/-/credential-provider-sso-3.973.7.tgz",
      "integrity": "sha512-FR2b+7QNXP/q+eslVzrCjGKvso8Lcr/B18BvFyD2iLNhq42XSo+wnh8FfX6mtqgaVsL1vuB27uGXuY+xUTa7pg==",
      "license": "Apache-2.0",
      "dependencies": {
        "@aws-sdk/core": "^3.977.2",
        "@aws-sdk/nested-clients": "^3.997.37",
        "@aws-sdk/token-providers": "3.1097.0",
        "@aws-sdk/types": "^3.974.2",
        "@smithy/core": "^3.29.8",
        "@smithy/types": "^4.16.1",
        "tslib": "^2.6.2"
      },
      "engines": {
        "node": ">=20.0.0"
      }
    },
    "node_modules/@aws-sdk/credential-provider-web-identity": {
      "version": "3.972.69",
      "resolved": "https://registry.npmjs.org/@aws-sdk/credential-provider-web-identity/-/credential-provider-web-identity-3.972.69.tgz",
      "integrity": "sha512-RWNTKGXRkzMJe8bgIAdlz9q0N97m7fThD9KOjBt2CSY+/xnIbrA1/Dnm/ZEz8ZeQ1Of5D+fLaPeoD3lGt6AU4Q==",
      "license": "Apache-2.0",
      "dependencies": {
        "@aws-sdk/core": "^3.977.2",
        "@aws-sdk/nested-clients": "^3.997.37",
        "@aws-sdk/types": "^3.974.2",
        "@smithy/core": "^3.29.8",
        "@smithy/types": "^4.16.1",
        "tslib": "^2.6.2"
      },
      "engines": {
        "node": ">=20.0.0"
      }
    },
    "node_modules/@aws-sdk/nested-clients": {
      "version": "3.997.37",
      "resolved": "https://registry.npmjs.org/@aws-sdk/nested-clients/-/nested-clients-3.997.37.tgz",
      "integrity": "sha512-vfDmA6APjX1LWxvt6/zcAmTCgRXCj35M+bC9Ujmy40QxYs9Fa9bE7oblOB3ODZ4mdN9R5osU0hTzoJjJlQqqTg==",
      "license": "Apache-2.0",
      "dependencies": {
        "@aws-sdk/core": "^3.977.2",
        "@aws-sdk/signature-v4-multi-region": "^3.996.42",
        "@aws-sdk/types": "^3.974.2",
        "@smithy/core": "^3.29.8",
        "@smithy/fetch-http-handler": "^5.6.10",
        "@smithy/node-http-handler": "^4.9.10",
        "@smithy/types": "^4.16.1",
        "tslib": "^2.6.2"
      },
      "engines": {
        "node": ">=20.0.0"
      }
    },
    "node_modules/@aws-sdk/signature-v4-multi-region": {
      "version": "3.996.42",
      "resolved": "https://registry.npmjs.org/@aws-sdk/signature-v4-multi-region/-/signature-v4-multi-region-3.996.42.tgz",
      "integrity": "sha512-DBV4naZP6HYBlAvPpoQzOP12Wvfou/5rN8yJPXjBTBylU5qwCbh/tXr2MddHoIjgoRkEl/eS+IljiUqvmwey1Q==",
      "license": "Apache-2.0",
      "dependencies": {
        "@aws-sdk/types": "^3.974.2",
        "@smithy/signature-v4": "^5.6.9",
        "@smithy/types": "^4.16.1",
        "tslib": "^2.6.2"
      },
      "engines": {
        "node": ">=20.0.0"
      }
    },
    "node_modules/@aws-sdk/token-providers": {
      "version": "3.1097.0",
      "resolved": "https://registry.npmjs.org/@aws-sdk/token-providers/-/token-providers-3.1097.0.tgz",
      "integrity": "sha512-EIsdmy/f5IGc5r01RjKWNvrbBra6z0xudQM0D6Wf8DeGuPoRlubkLqr7VgWijFucO4kg0mtev9H3RX/ZOubUhg==",
      "license": "Apache-2.0",
      "dependencies": {
        "@aws-sdk/core": "^3.977.2",
        "@aws-sdk/nested-clients": "^3.997.37",
        "@aws-sdk/types": "^3.974.2",
        "@smithy/core": "^3.29.8",
        "@smithy/types": "^4.16.1",
        "tslib": "^2.6.2"
      },
      "engines": {
        "node": ">=20.0.0"
      }
    },
    "node_modules/@aws-sdk/types": {
      "version": "3.974.2",
      "resolved": "https://registry.npmjs.org/@aws-sdk/types/-/types-3.974.2.tgz",
      "integrity": "sha512-3W6IUtSxFbH6X7Wb7DzGCV5QiFQsd0g8bOfntpmDxQlzBoKWUMBu/JPQR0DwkE+Hpnxd6db1tXbOwdeHddG6cA==",
      "license": "Apache-2.0",
      "dependencies": {
        "@smithy/types": "^4.16.1",
        "tslib": "^2.6.2"
      },
      "engines": {
        "node": ">=20.0.0"
      }
    },
    "node_modules/@aws-sdk/xml-builder": {
      "version": "3.972.37",
      "resolved": "https://registry.npmjs.org/@aws-sdk/xml-builder/-/xml-builder-3.972.37.tgz",
      "integrity": "sha512-zKq4HQum8JwDyEuyfuI4bbiAcU0KxP6qy+9PR/IsR92IyE/DaBAikzAS50tjxip4bqIIANpCcG+Yyj6CVhXupg==",
      "license": "Apache-2.0",
      "dependencies": {
        "@smithy/types": "^4.16.1",
        "tslib": "^2.6.2"
      },
      "engines": {
        "node": ">=20.0.0"
      }
    },
    "node_modules/@aws/lambda-invoke-store": {
      "version": "0.3.0",
      "resolved": "https://registry.npmjs.org/@aws/lambda-invoke-store/-/lambda-invoke-store-0.3.0.tgz",
      "integrity": "sha512-sl4Bm6yiMNYrZKkqqDFWN0UfnWhlS8ivKxrYl+6t0gCLrqr8y3B2IqZZbFRkfaVVp7C/baApyh71P+LeE1A2sQ==",
      "license": "Apache-2.0",
      "engines": {
        "node": ">=18.0.0"
      }
    },
    "node_modules/@smithy/core": {
      "version": "3.31.0",
      "resolved": "https://registry.npmjs.org/@smithy/core/-/core-3.31.0.tgz",
      "integrity": "sha512-sylYk2l9d7CmRv8ts8p0SDQUr3VO+HMeS1nrjL6+UtbO8ktJHTOeQ1McX+aAyvGGccp5aZX9eNtdcXrSwzoZaw==",
      "license": "Apache-2.0",
      "dependencies": {
        "@smithy/types": "^4.16.1",
        "tslib": "^2.6.2"
      },
      "engines": {
        "node": ">=18.0.0"
      }
    },
    "node_modules/@smithy/credential-provider-imds": {
      "version": "4.4.15",
      "resolved": "https://registry.npmjs.org/@smithy/credential-provider-imds/-/credential-provider-imds-4.4.15.tgz",
      "integrity": "sha512-xYVGrisQqTJWhOnScUhbx8s9H63TMtoxzuUoxG6mP8J+B/YbX3vZxVsgV0xDf43abJnJP0fjP7BkQh7OESwuRA==",
      "license": "Apache-2.0",
      "dependencies": {
        "@smithy/core": "^3.31.0",
        "@smithy/types": "^4.16.1",
        "tslib": "^2.6.2"
      },
      "engines": {
        "node": ">=18.0.0"
      }
    },
    "node_modules/@smithy/fetch-http-handler": {
      "version": "5.6.12",
      "resolved": "https://registry.npmjs.org/@smithy/fetch-http-handler/-/fetch-http-handler-5.6.12.tgz",
      "integrity": "sha512-OpQgP6IGH4j0NJ2zjfYZLjQL85ai+Wi/q51EmZJovXsEwKSvu89qiXUq77Q6EmwZ/hSl7fKpn2Z9mhiDN6OM+Q==",
      "license": "Apache-2.0",
      "dependencies": {
        "@smithy/core": "^3.31.0",
        "@smithy/types": "^4.16.1",
        "tslib": "^2.6.2"
      },
      "engines": {
        "node": ">=18.0.0"
      }
    },
    "node_modules/@smithy/node-http-handler": {
      "version": "4.9.12",
      "resolved": "https://registry.npmjs.org/@smithy/node-http-handler/-/node-http-handler-4.9.12.tgz",
      "integrity": "sha512-dWW5KRt4mnEvjNzbGqGeCuAvgum85Y9ZoyuMQqcTEfapndyVJ1k9BEHK7kdXJZ32enyRmmwcFjMwlB/KgLKI3Q==",
      "license": "Apache-2.0",
      "dependencies": {
        "@smithy/core": "^3.31.0",
        "@smithy/types": "^4.16.1",
        "tslib": "^2.6.2"
      },
      "engines": {
        "node": ">=18.0.0"
      }
    },
    "node_modules/@smithy/signature-v4": {
      "version": "5.6.11",
      "resolved": "https://registry.npmjs.org/@smithy/signature-v4/-/signature-v4-5.6.11.tgz",
      "integrity": "sha512-7HsspeiNCZvZHEJ22vV5L/QYuJdTyJvPJvMrYD3AgkM3IJB0pkln4jkjPvtpTWRMkHXbO8WKwNjoVdVlBFwHmw==",
      "license": "Apache-2.0",
      "dependencies": {
        "@smithy/core": "^3.31.0",
        "@smithy/types": "^4.16.1",
        "tslib": "^2.6.2"
      },
      "engines": {
        "node": ">=18.0.0"
      }
    },
    "node_modules/@smithy/types": {
      "version": "4.16.1",
      "resolved": "https://registry.npmjs.org/@smithy/types/-/types-4.16.1.tgz",
      "integrity": "sha512-0JFs3V2y2M9tKW5na/qxe69Zv+uxLMO7QBbhxF/FHu/Gp2NFZAAL9tWl9PU02xxo07pb3G9FTyjNc6D5uZrJIg==",
      "license": "Apache-2.0",
      "dependencies": {
        "tslib": "^2.6.2"
      },
      "engines": {
        "node": ">=18.0.0"
      }
    },
    "node_modules/bowser": {
      "version": "2.14.1",
      "resolved": "https://registry.npmjs.org/bowser/-/bowser-2.14.1.tgz",
      "integrity": "sha512-tzPjzCxygAKWFOJP011oxFHs57HzIhOEracIgAePE4pqB3LikALKnSzUyU4MGs9/iCEUuHlAJTjTc5M+u7YEGg==",
      "license": "MIT"
    },
    "node_modules/dayjs": {
      "version": "1.11.21",
      "resolved": "https://registry.npmjs.org/dayjs/-/dayjs-1.11.21.tgz",
      "integrity": "sha512-98IT+HOahAisibz/yjKbzuOBwYcjJ7BCLPzARyHiyEBmRz4fatF+KPJszEHXsGYjUG234aH/cOjW1wwTbKUZlA==",
      "license": "MIT"
    },
    "node_modules/deepmerge": {
      "version": "4.3.1",
      "resolved": "https://registry.npmjs.org/deepmerge/-/deepmerge-4.3.1.tgz",
      "integrity": "sha512-3sUqbMEc77XqpdNO7FRyRog+eW3ph+GYCbj+rK+uYyRMuwsVy0rMiVtPn+QJlKFvWP/1PYpapqYn0Me2knFn+A==",
      "license": "MIT",
      "engines": {
        "node": ">=0.10.0"
      }
    },
    "node_modules/dom-serializer": {
      "version": "2.0.0",
      "resolved": "https://registry.npmjs.org/dom-serializer/-/dom-serializer-2.0.0.tgz",
      "integrity": "sha512-wIkAryiqt/nV5EQKqQpo3SToSOV9J0DnbJqwK7Wv/Trc92zIAYZ4FlMu+JPFW1DfGFt81ZTCGgDEabffXeLyJg==",
      "license": "MIT",
      "dependencies": {
        "domelementtype": "^2.3.0",
        "domhandler": "^5.0.2",
        "entities": "^4.2.0"
      },
      "funding": {
        "url": "https://github.com/cheeriojs/dom-serializer?sponsor=1"
      }
    },
    "node_modules/dom-serializer/node_modules/entities": {
      "version": "4.5.0",
      "resolved": "https://registry.npmjs.org/entities/-/entities-4.5.0.tgz",
      "integrity": "sha512-V0hjH4dGPh9Ao5p0MoRY6BVqtwCjhz6vI5LT8AJ55H+4g9/4vbHx1I54fS0XuclLhDHArPQCiMjDxjaL8fPxhw==",
      "license": "BSD-2-Clause",
      "engines": {
        "node": ">=0.12"
      },
      "funding": {
        "url": "https://github.com/fb55/entities?sponsor=1"
      }
    },
    "node_modules/domelementtype": {
      "version": "2.3.0",
      "resolved": "https://registry.npmjs.org/domelementtype/-/domelementtype-2.3.0.tgz",
      "integrity": "sha512-OLETBj6w0OsagBwdXnPdN0cnMfF9opN69co+7ZrbfPGrdpPVNBUj02spi6B1N7wChLQiPn4CSH/zJvXw56gmHw==",
      "funding": [
        {
          "type": "github",
          "url": "https://github.com/sponsors/fb55"
        }
      ],
      "license": "BSD-2-Clause"
    },
    "node_modules/domhandler": {
      "version": "5.0.3",
      "resolved": "https://registry.npmjs.org/domhandler/-/domhandler-5.0.3.tgz",
      "integrity": "sha512-cgwlv/1iFQiFnU96XXgROh8xTeetsnJiDsTc7TYCLFd9+/WNkIqPTxiM/8pSd8VIrhXGTf1Ny1q1hquVqDJB5w==",
      "license": "BSD-2-Clause",
      "dependencies": {
        "domelementtype": "^2.3.0"
      },
      "engines": {
        "node": ">= 4"
      },
      "funding": {
        "url": "https://github.com/fb55/domhandler?sponsor=1"
      }
    },
    "node_modules/domutils": {
      "version": "3.2.2",
      "resolved": "https://registry.npmjs.org/domutils/-/domutils-3.2.2.tgz",
      "integrity": "sha512-6kZKyUajlDuqlHKVX1w7gyslj9MPIXzIFiz/rGu35uC1wMi+kMhQwGhl4lt9unC9Vb9INnY9Z3/ZA3+FhASLaw==",
      "license": "BSD-2-Clause",
      "dependencies": {
        "dom-serializer": "^2.0.0",
        "domelementtype": "^2.3.0",
        "domhandler": "^5.0.3"
      },
      "funding": {
        "url": "https://github.com/fb55/domutils?sponsor=1"
      }
    },
    "node_modules/entities": {
      "version": "7.0.1",
      "resolved": "https://registry.npmjs.org/entities/-/entities-7.0.1.tgz",
      "integrity": "sha512-TWrgLOFUQTH994YUyl1yT4uyavY5nNB5muff+RtWaqNVCAK408b5ZnnbNAUEWLTCpum9w6arT70i1XdQ4UeOPA==",
      "license": "BSD-2-Clause",
      "engines": {
        "node": ">=0.12"
      },
      "funding": {
        "url": "https://github.com/fb55/entities?sponsor=1"
      }
    },
    "node_modules/escape-string-regexp": {
      "version": "4.0.0",
      "resolved": "https://registry.npmjs.org/escape-string-regexp/-/escape-string-regexp-4.0.0.tgz",
      "integrity": "sha512-TtpcNJ3XAzx3Gq8sWRzJaVajRs0uVxA2YAkdb1jm2YkPz4G6egUFAyA3n5vtEIZefPk5Wa4UXbKuS5fKkJWdgA==",
      "license": "MIT",
      "engines": {
        "node": ">=10"
      },
      "funding": {
        "url": "https://github.com/sponsors/sindresorhus"
      }
    },
    "node_modules/htmlparser2": {
      "version": "10.1.0",
      "resolved": "https://registry.npmjs.org/htmlparser2/-/htmlparser2-10.1.0.tgz",
      "integrity": "sha512-VTZkM9GWRAtEpveh7MSF6SjjrpNVNNVJfFup7xTY3UpFtm67foy9HDVXneLtFVt4pMz5kZtgNcvCniNFb1hlEQ==",
      "funding": [
        "https://github.com/fb55/htmlparser2?sponsor=1",
        {
          "type": "github",
          "url": "https://github.com/sponsors/fb55"
        }
      ],
      "license": "MIT",
      "dependencies": {
        "domelementtype": "^2.3.0",
        "domhandler": "^5.0.3",
        "domutils": "^3.2.2",
        "entities": "^7.0.1"
      }
    },
    "node_modules/is-plain-object": {
      "version": "5.0.0",
      "resolved": "https://registry.npmjs.org/is-plain-object/-/is-plain-object-5.0.0.tgz",
      "integrity": "sha512-VRSzKkbMm5jMDoKLbltAkFQ5Qr7VDiTFGXxYFXXowVj387GeGNOCsOH6Msy00SGZ3Fp84b1Naa1psqgcCIEP5Q==",
      "license": "MIT",
      "engines": {
        "node": ">=0.10.0"
      }
    },
    "node_modules/launder": {
      "version": "1.7.1",
      "resolved": "https://registry.npmjs.org/launder/-/launder-1.7.1.tgz",
      "integrity": "sha512-mU6WRz5EusL9ZZuiZ5SO4Y6C0P9PAUR9iwdb6bzj4KDihm28DiHFw+/yk9DBH4f+Pv1wuzQ4e2jV3oQ7mkIqvw==",
      "license": "MIT",
      "dependencies": {
        "dayjs": "^1.11.7"
      }
    },
    "node_modules/nanoid": {
      "version": "3.3.16",
      "resolved": "https://registry.npmjs.org/nanoid/-/nanoid-3.3.16.tgz",
      "integrity": "sha512-bzlKTyNJ7+LdGIIwy8ijFpIqEQIvafahV7eYykJ8Cvh42EdJeODoJ6gUJXpQJvej1BddH8OqTXZNE/KfbWAu8Q==",
      "funding": [
        {
          "type": "github",
          "url": "https://github.com/sponsors/ai"
        }
      ],
      "license": "MIT",
      "bin": {
        "nanoid": "bin/nanoid.cjs"
      },
      "engines": {
        "node": "^10 || ^12 || ^13.7 || ^14 || >=15.0.1"
      }
    },
    "node_modules/parse-srcset": {
      "version": "1.0.2",
      "resolved": "https://registry.npmjs.org/parse-srcset/-/parse-srcset-1.0.2.tgz",
      "integrity": "sha512-/2qh0lav6CmI15FzA3i/2Bzk2zCgQhGMkvhOhKNcBVQ1ldgpbfiNTVslmooUmWJcADi1f1kIeynbDRVzNlfR6Q==",
      "license": "MIT"
    },
    "node_modules/picocolors": {
      "version": "1.1.1",
      "resolved": "https://registry.npmjs.org/picocolors/-/picocolors-1.1.1.tgz",
      "integrity": "sha512-xceH2snhtb5M9liqDsmEw56le376mTZkEX/jEb/RxNFyegNul7eNslCXP9FDj/Lcu0X8KEyMceP2ntpaHrDEVA==",
      "license": "ISC"
    },
    "node_modules/postcss": {
      "version": "8.5.25",
      "resolved": "https://registry.npmjs.org/postcss/-/postcss-8.5.25.tgz",
      "integrity": "sha512-DTPx3RWSSnWyzLxQnlH0rJP+EW5ekl16ZU4/psbIhA0e53kJfdgaN5vKM+xP7yJtXVu+nfdVFmlgFDEKAe4Pyw==",
      "funding": [
        {
          "type": "opencollective",
          "url": "https://opencollective.com/postcss/"
        },
        {
          "type": "tidelift",
          "url": "https://tidelift.com/funding/github/npm/postcss"
        },
        {
          "type": "github",
          "url": "https://github.com/sponsors/ai"
        }
      ],
      "license": "MIT",
      "dependencies": {
        "nanoid": "^3.3.16",
        "picocolors": "^1.1.1",
        "source-map-js": "^1.2.1"
      },
      "engines": {
        "node": "^10 || ^12 || >=14"
      }
    },
    "node_modules/sanitize-html": {
      "version": "2.17.5",
      "resolved": "https://registry.npmjs.org/sanitize-html/-/sanitize-html-2.17.5.tgz",
      "integrity": "sha512-ZmU1joGRrvoyctKIiuwUxqR6moLoU2Wk+2bMccN6f7UwhAmwYDvWziqPxRDDN2Qip62NqnIrVrT9akbL6Wretg==",
      "license": "MIT",
      "dependencies": {
        "deepmerge": "^4.2.2",
        "escape-string-regexp": "^4.0.0",
        "htmlparser2": "^10.1.0",
        "is-plain-object": "^5.0.0",
        "launder": "^1.7.1",
        "parse-srcset": "^1.0.2",
        "postcss": "^8.3.11"
      }
    },
    "node_modules/source-map-js": {
      "version": "1.2.1",
      "resolved": "https://registry.npmjs.org/source-map-js/-/source-map-js-1.2.1.tgz",
      "integrity": "sha512-UXWMKhLOwVKb728IUtQPXxfYU+usdybtUrK/8uGE8CQMvrhOpwvzDBwj0QhSL7MQc7vIsISBG8VQ8+IDQxpfQA==",
      "license": "BSD-3-Clause",
      "engines": {
        "node": ">=0.10.0"
      }
    },
    "node_modules/tslib": {
      "version": "2.8.1",
      "resolved": "https://registry.npmjs.org/tslib/-/tslib-2.8.1.tgz",
      "integrity": "sha512-oJFu94HQb+KVduSUQL7wnpmqnfmLsOA/nAh6b6EH0wCEoK0/mPeXU6c3wKDV83MkOuHPRHtSXKKU99IBazS/2w==",
      "license": "0BSD"
    }
  }
}
